// !$*UTF8*$!
{
	archiveVersion = 1;
	classes = {
	};
	objectVersion = 48;
	objects = {

/* Begin PBXBuildFile section */
		59AAF26420567828001C0EF2 /* AppDelegate.m in Sources */ = {isa = PBXBuildFile; fileRef = 59AAF26320567828001C0EF2 /* AppDelegate.m */; };
		59AAF26A20567828001C0EF2 /* Main.storyboard in Resources */ = {isa = PBXBuildFile; fileRef = 59AAF26820567828001C0EF2 /* Main.storyboard */; };
		59AAF26C20567828001C0EF2 /* Assets.xcassets in Resources */ = {isa = PBXBuildFile; fileRef = 59AAF26B20567828001C0EF2 /* Assets.xcassets */; };
		59AAF26F20567828001C0EF2 /* LaunchScreen.storyboard in Resources */ = {isa = PBXBuildFile; fileRef = 59AAF26D20567828001C0EF2 /* LaunchScreen.storyboard */; };
		59AAF27220567828001C0EF2 /* main.m in Sources */ = {isa = PBXBuildFile; fileRef = 59AAF27120567828001C0EF2 /* main.m */; };
		59AAF27E20567845001C0EF2 /* ViewController3.m in Sources */ = {isa = PBXBuildFile; fileRef = 59AAF27920567845001C0EF2 /* ViewController3.m */; };
		59AAF27F20567845001C0EF2 /* ViewController1.m in Sources */ = {isa = PBXBuildFile; fileRef = 59AAF27A20567845001C0EF2 /* ViewController1.m */; };
		59AAF28020567845001C0EF2 /* ViewController2.m in Sources */ = {isa = PBXBuildFile; fileRef = 59AAF27B20567845001C0EF2 /* ViewController2.m */; };
/* End PBXBuildFile section */

/* Begin PBXFileReference section */
		59AAF25F20567828001C0EF2 /* unbalanced.app */ = {isa = PBXFileReference; explicitFileType = wrapper.application; includeInIndex = 0; path = unbalanced.app; sourceTree = BUILT_PRODUCTS_DIR; };
		59AAF26220567828001C0EF2 /* AppDelegate.h */ = {isa = PBXFileReference; lastKnownFileType = sourcecode.c.h; path = AppDelegate.h; sourceTree = "<group>"; };
		59AAF26320567828001C0EF2 /* AppDelegate.m */ = {isa = PBXFileReference; lastKnownFileType = sourcecode.c.objc; path = AppDelegate.m; sourceTree = "<group>"; };
		59AAF26920567828001C0EF2 /* Base */ = {isa = PBXFileReference; lastKnownFileType = file.storyboard; name = Base; path = Base.lproj/Main.storyboard; sourceTree = "<group>"; };
		59AAF26B20567828001C0EF2 /* Assets.xcassets */ = {isa = PBXFileReference; lastKnownFileType = folder.assetcatalog; path = Assets.xcassets; sourceTree = "<group>"; };
		59AAF26E20567828001C0EF2 /* Base */ = {isa = PBXFileReference; lastKnownFileType = file.storyboard; name = Base; path = Base.lproj/LaunchScreen.storyboard; sourceTree = "<group>"; };
		59AAF27020567828001C0EF2 /* Info.plist */ = {isa = PBXFileReference; lastKnownFileType = text.plist.xml; path = Info.plist; sourceTree = "<group>"; };
		59AAF27120567828001C0EF2 /* main.m */ = {isa = PBXFileReference; lastKnownFileType = sourcecode.c.objc; path = main.m; sourceTree = "<group>"; };
		59AAF27820567845001C0EF2 /* ViewController3.h */ = {isa = PBXFileReference; fileEncoding = 4; lastKnownFileType = sourcecode.c.h; path = ViewController3.h; sourceTree = "<group>"; };
		59AAF27920567845001C0EF2 /* ViewController3.m */ = {isa = PBXFileReference; fileEncoding = 4; lastKnownFileType = sourcecode.c.objc; path = ViewController3.m; sourceTree = "<group>"; };
		59AAF27A20567845001C0EF2 /* ViewController1.m */ = {isa = PBXFileReference; fileEncoding = 4; lastKnownFileType = sourcecode.c.objc; path = ViewController1.m; sourceTree = "<group>"; };
		59AAF27B20567845001C0EF2 /* ViewController2.m */ = {isa = PBXFileReference; fileEncoding = 4; lastKnownFileType = sourcecode.c.objc; path = ViewController2.m; sourceTree = "<group>"; };
		59AAF27C20567845001C0EF2 /* ViewController1.h */ = {isa = PBXFileReference; fileEncoding = 4; lastKnownFileType = sourcecode.c.h; path = ViewController1.h; sourceTree = "<group>"; };
		59AAF27D20567845001C0EF2 /* ViewController2.h */ = {isa = PBXFileReference; fileEncoding = 4; lastKnownFileType = sourcecode.c.h; path = ViewController2.h; sourceTree = "<group>"; };
/* End PBXFileReference section */

/* Begin PBXFrameworksBuildPhase section */
		59AAF25C20567828001C0EF2 /* Frameworks */ = {
			isa = PBXFrameworksBuildPhase;
			buildActionMask = 2147483647;
			files = (
			);
			runOnlyForDeploymentPostprocessing = 0;
		};
/* End PBXFrameworksBuildPhase section */

/* Begin PBXGroup section */
		59AAF25620567828001C0EF2 = {
			isa = PBXGroup;
			children = (
				59AAF26120567828001C0EF2 /* unbalanced */,
				59AAF26020567828001C0EF2 /* Products */,
			);
			sourceTree = "<group>";
		};
		59AAF26020567828001C0EF2 /* Products */ = {
			isa = PBXGroup;
			children = (
				59AAF25F20567828001C0EF2 /* unbalanced.app */,
			);
			name = Products;
			sourceTree = "<group>";
		};
		59AAF26120567828001C0EF2 /* unbalanced */ = {
			isa = PBXGroup;
			children = (
				59AAF26220567828001C0EF2 /* AppDelegate.h */,
				59AAF26320567828001C0EF2 /* AppDelegate.m */,
				59AAF27C20567845001C0EF2 /* ViewController1.h */,
				59AAF27A20567845001C0EF2 /* ViewController1.m */,
				59AAF27D20567845001C0EF2 /* ViewController2.h */,
				59AAF27B20567845001C0EF2 /* ViewController2.m */,
				59AAF27820567845001C0EF2 /* ViewController3.h */,
				59AAF27920567845001C0EF2 /* ViewController3.m */,
				59AAF26820567828001C0EF2 /* Main.storyboard */,
				59AAF26B20567828001C0EF2 /* Assets.xcassets */,
				59AAF26D20567828001C0EF2 /* LaunchScreen.storyboard */,
				59AAF27020567828001C0EF2 /* Info.plist */,
				59AAF27120567828001C0EF2 /* main.m */,
			);
			path = unbalanced;
			sourceTree = "<group>";
		};
/* End PBXGroup section */

/* Begin PBXNativeTarget section */
		59AAF25E20567828001C0EF2 /* unbalanced */ = {
			isa = PBXNativeTarget;
			buildConfigurationList = 59AAF27520567828001C0EF2 /* Build configuration list for PBXNativeTarget "unbalanced" */;
			buildPhases = (
				59AAF25B20567828001C0EF2 /* Sources */,
				59AAF25C20567828001C0EF2 /* Frameworks */,
				59AAF25D20567828001C0EF2 /* Resources */,
			);
			buildRules = (
			);
			dependencies = (
			);
			name = unbalanced;
			productName = unbalanced;
			productReference = 59AAF25F20567828001C0EF2 /* unbalanced.app */;
			productType = "com.apple.product-type.application";
		};
/* End PBXNativeTarget section */

/* Begin PBXProject section */
		59AAF25720567828001C0EF2 /* Project object */ = {
			isa = PBXProject;
			attributes = {
				LastUpgradeCheck = 0920;
				TargetAttributes = {
					59AAF25E20567828001C0EF2 = {
						CreatedOnToolsVersion = 9.2;
						ProvisioningStyle = Automatic;
					};
				};
			};
			buildConfigurationList = 59AAF25A20567828001C0EF2 /* Build configuration list for PBXProject "unbalanced" */;
			compatibilityVersion = "Xcode 8.0";
			developmentRegion = en;
			hasScannedForEncodings = 0;
			knownRegions = (
				en,
				Base,
			);
			mainGroup = 59AAF25620567828001C0EF2;
			productRefGroup = 59AAF26020567828001C0EF2 /* Products */;
			projectDirPath = "";
			projectRoot = "";
			targets = (
				59AAF25E20567828001C0EF2 /* unbalanced */,
			);
		};
/* End PBXProject section */

/* Begin PBXResourcesBuildPhase section */
		59AAF25D20567828001C0EF2 /* Resources */ = {
			isa = PBXResourcesBuildPhase;
			buildActionMask = 2147483647;
			files = (
				59AAF26F20567828001C0EF2 /* LaunchScreen.storyboard in Resources */,
				59AAF26C20567828001C0EF2 /* Assets.xcassets in Resources */,
				59AAF26A20567828001C0EF2 /* Main.storyboard in Resources */,
			);
			runOnlyForDeploymentPostprocessing = 0;
		};
/* End PBXResourcesBuildPhase section */

/* Begin PBXSourcesBuildPhase section */
		59AAF25B20567828001C0EF2 /* Sources */ = {
			isa = PBXSourcesBuildPhase;
			buildActionMask = 2147483647;
			files = (
				59AAF27F20567845001C0EF2 /* ViewController1.m in Sources */,
				59AAF27220567828001C0EF2 /* main.m in Sources */,
				59AAF28020567845001C0EF2 /* ViewController2.m in Sources */,
				59AAF26420567828001C0EF2 /* AppDelegate.m in Sources */,
				59AAF27E20567845001C0EF2 /* ViewController3.m in Sources */,
			);
			runOnlyForDeploymentPostprocessing = 0;
		};
/* End PBXSourcesBuildPhase section */

/* Begin PBXVariantGroup section */
		59AAF26820567828001C0EF2 /* Main.storyboard */ = {
			isa = PBXVariantGroup;
			children = (
				59AAF26920567828001C0EF2 /* Base */,
			);
			name = Main.storyboard;
			sourceTree = "<group>";
		};
		59AAF26D20567828001C0EF2 /* LaunchScreen.storyboard */ = {
			isa = PBXVariantGroup;
			children = (
				59AAF26E20567828001C0EF2 /* Base */,
			);
			name = LaunchScreen.storyboard;
			sourceTree = "<group>";
		};
/* End PBXVariantGroup section */

/* Begin XCBuildConfiguration section */
		59AAF27320567828001C0EF2 /* Debug */ = {
			isa = XCBuildConfiguration;
			buildSettings = {
				ALWAYS_SEARCH_USER_PATHS = NO;
				CLANG_ANALYZER_NONNULL = YES;
				CLANG_ANALYZER_NUMBER_OBJECT_CONVERSION = YES_AGGRESSIVE;
				CLANG_CXX_LANGUAGE_STANDARD = "gnu++14";
				CLANG_CXX_LIBRARY = "libc++";
				CLANG_ENABLE_MODULES = YES;
				CLANG_ENABLE_OBJC_ARC = YES;
				CLANG_WARN_BLOCK_CAPTURE_AUTORELEASING = YES;
				CLANG_WARN_BOOL_CONVERSION = YES;
				CLANG_WARN_COMMA = YES;
				CLANG_WARN_CONSTANT_CONVERSION = YES;
				CLANG_WARN_DIRECT_OBJC_ISA_USAGE = YES_ERROR;
				CLANG_WARN_DOCUMENTATION_COMMENTS = YES;
				CLANG_WARN_EMPTY_BODY = YES;
				CLANG_WARN_ENUM_CONVERSION = YES;
				CLANG_WARN_INFINITE_RECURSION = YES;
				CLANG_WARN_INT_CONVERSION = YES;
				CLANG_WARN_NON_LITERAL_NULL_CONVERSION = YES;
				CLANG_WARN_OBJC_LITERAL_CONVERSION = YES;
				CLANG_WARN_OBJC_ROOT_CLASS = YES_ERROR;
				CLANG_WARN_RANGE_LOOP_ANALYSIS = YES;
				CLANG_WARN_STRICT_PROTOTYPES = YES;
				CLANG_WARN_SUSPICIOUS_MOVE = YES;
				CLANG_WARN_UNGUARDED_AVAILABILITY = YES_AGGRESSIVE;
				CLANG_WARN_UNREACHABLE_CODE = YES;
				CLANG_WARN__DUPLICATE_METHOD_MATCH = YES;
				CODE_SIGN_IDENTITY = "iPhone Developer";
				COPY_PHASE_STRIP = NO;
				DEBUG_INFORMATION_FORMAT = dwarf;
				ENABLE_STRICT_OBJC_MSGSEND = YES;
				ENABLE_TESTABILITY = YES;
				GCC_C_LANGUAGE_STANDARD = gnu11;
				GCC_DYNAMIC_NO_PIC = NO;
				GCC_NO_COMMON_BLOCKS = YES;
				GCC_OPTIMIZATION_LEVEL = 0;
				GCC_PREPROCESSOR_DEFINITIONS = (
					"DEBUG=1",
					"$(inherited)",
				);
				GCC_WARN_64_TO_32_BIT_CONVERSION = YES;
				GCC_WARN_ABOUT_RETURN_TYPE = YES_ERROR;
				GCC_WARN_UNDECLARED_SELECTOR = YES;
				GCC_WARN_UNINITIALIZED_AUTOS = YES_AGGRESSIVE;
				GCC_WARN_UNUSED_FUNCTION = YES;
				GCC_WARN_UNUSED_VARIABLE = YES;
				IPHONEOS_DEPLOYMENT_TARGET = 11.2;
				MTL_ENABLE_DEBUG_INFO = YES;
				ONLY_ACTIVE_ARCH = YES;
				SDKROOT = iphoneos;
			};
			name = Debug;
		};
		59AAF27420567828001C0EF2 /* Release */ = {
			isa = XCBuildConfiguration;
			buildSettings = {
				ALWAYS_SEARCH_USER_PATHS = NO;
				CLANG_ANALYZER_NONNULL = YES;
				CLANG_ANALYZER_NUMBER_OBJECT_CONVERSION = YES_AGGRESSIVE;
				CLANG_CXX_LANGUAGE_STANDARD = "gnu++14";
				CLANG_CXX_LIBRARY = "libc++";
				CLANG_ENABLE_MODULES = YES;
				CLANG_ENABLE_OBJC_ARC = YES;
				CLANG_WARN_BLOCK_CAPTURE_AUTORELEASING = YES;
				CLANG_WARN_BOOL_CONVERSION = YES;
				CLANG_WARN_COMMA = YES;
				CLANG_WARN_CONSTANT_CONVERSION = YES;
				CLANG_WARN_DIRECT_OBJC_ISA_USAGE = YES_ERROR;
				CLANG_WARN_DOCUMENTATION_COMMENTS = YES;
				CLANG_WARN_EMPTY_BODY = YES;
				CLANG_WARN_ENUM_CONVERSION = YES;
				CLANG_WARN_INFINITE_RECURSION = YES;
				CLANG_WARN_INT_CONVERSION = YES;
				CLANG_WARN_NON_LITERAL_NULL_CONVERSION = YES;
				CLANG_WARN_OBJC_LITERAL_CONVERSION = YES;
				CLANG_WARN_OBJC_ROOT_CLASS = YES_ERROR;
				CLANG_WARN_RANGE_LOOP_ANALYSIS = YES;
				CLANG_WARN_STRICT_PROTOTYPES = YES;
				CLANG_WARN_SUSPICIOUS_MOVE = YES;
				CLANG_WARN_UNGUARDED_AVAILABILITY = YES_AGGRESSIVE;
				CLANG_WARN_UNREACHABLE_CODE = YES;
				CLANG_WARN__DUPLICATE_METHOD_MATCH = YES;
				CODE_SIGN_IDENTITY = "iPhone Developer";
				COPY_PHASE_STRIP = NO;
				DEBUG_INFORMATION_FORMAT = "dwarf-with-dsym";
				ENABLE_NS_ASSERTIONS = NO;
				ENABLE_STRICT_OBJC_MSGSEND = YES;
				GCC_C_LANGUAGE_STANDARD = gnu11;
				GCC_NO_COMMON_BLOCKS = YES;
				GCC_WARN_64_TO_32_BIT_CONVERSION = YES;
				GCC_WARN_ABOUT_RETURN_TYPE = YES_ERROR;
				GCC_WARN_UNDECLARED_SELECTOR = YES;
				GCC_WARN_UNINITIALIZED_AUTOS = YES_AGGRESSIVE;
				GCC_WARN_UNUSED_FUNCTION = YES;
				GCC_WARN_UNUSED_VARIABLE = YES;
				IPHONEOS_DEPLOYMENT_TARGET = 11.2;
				MTL_ENABLE_DEBUG_INFO = NO;
				SDKROOT = iphoneos;
				VALIDATE_PRODUCT = YES;
			};
			name = Release;
		};
		59AAF27620567828001C0EF2 /* Debug */ = {
			isa = XCBuildConfiguration;
			buildSettings = {
				ASSETCATALOG_COMPILER_APPICON_NAME = AppIcon;
				CODE_SIGN_STYLE = Automatic;
				INFOPLIST_FILE = unbalanced/Info.plist;
				LD_RUNPATH_SEARCH_PATHS = "$(inherited) @executable_path/Frameworks";
				PRODUCT_BUNDLE_IDENTIFIER = com.test.unbalanced;
				PRODUCT_NAME = "$(TARGET_NAME)";
				TARGETED_DEVICE_FAMILY = "1,2";
			};
			name = Debug;
		};
		59AAF27720567828001C0EF2 /* Release */ = {
			isa = XCBuildConfiguration;
			buildSettings = {
				ASSETCATALOG_COMPILER_APPICON_NAME = AppIcon;
				CODE_SIGN_STYLE = Automatic;
				INFOPLIST_FILE = unbalanced/Info.plist;
				LD_RUNPATH_SEARCH_PATHS = "$(inherited) @executable_path/Frameworks";
				PRODUCT_BUNDLE_IDENTIFIER = com.test.unbalanced;
				PRODUCT_NAME = "$(TARGET_NAME)";
				TARGETED_DEVICE_FAMILY = "1,2";
			};
			name = Release;
		};
/* End XCBuildConfiguration section */

/* Begin XCConfigurationList section */
		59AAF25A20567828001C0EF2 /* Build configuration list for PBXProject "unbalanced" */ = {
			isa = XCConfigurationList;
			buildConfigurations = (
				59AAF27320567828001C0EF2 /* Debug */,
				59AAF27420567828001C0EF2 /* Release */,
			);
			defaultConfigurationIsVisible = 0;
			defaultConfigurationName = Release;
		};
		59AAF27520567828001C0EF2 /* Build configuration list for PBXNativeTarget "unbalanced" */ = {
			isa = XCConfigurationList;
			buildConfigurations = (
				59AAF27620567828001C0EF2 /* Debug */,
				59AAF27720567828001C0EF2 /* Release */,
			);
			defaultConfigurationIsVisible = 0;
			defaultConfigurationName = Release;
		};
/* End XCConfigurationList section */
	};
	rootObject = 59AAF25720567828001C0EF2 /* Project object */;
}
